
Microsoft Visual Studio Solution File, Format Version 12.00
# Visual Studio Version 17
VisualStudioVersion = 17.11.35312.102
MinimumVisualStudioVersion = 10.0.40219.1
Project("{FAE04EC0-301F-11D3-BF4B-00C04F79EFBC}") = "HelloWorldApi", "HelloWorldApi\HelloWorldApi.csproj", "{3A5605C1-3244-4D94-9DD5-260BDAC8D915}"
EndProject
Global
	GlobalSection(SolutionConfigurationPlatforms) = preSolution
		Debug|Any CPU = Debug|Any CPU
		Release|Any CPU = Release|Any CPU
	EndGlobalSection
	GlobalSection(ProjectConfigurationPlatforms) = postSolution
		{3A5605C1-3244-4D94-9DD5-260BDAC8D915}.Debug|Any CPU.ActiveCfg = Debug|Any CPU
		{3A5605C1-3244-4D94-9DD5-260BDAC8D915}.Debug|Any CPU.Build.0 = Debug|Any CPU
		{3A5605C1-3244-4D94-9DD5-260BDAC8D915}.Release|Any CPU.ActiveCfg = Release|Any CPU
		{3A5605C1-3244-4D94-9DD5-260BDAC8D915}.Release|Any CPU.Build.0 = Release|Any CPU
	EndGlobalSection
	GlobalSection(SolutionProperties) = preSolution
		HideSolutionNode = FALSE
	EndGlobalSection
	GlobalSection(ExtensibilityGlobals) = postSolution
		SolutionGuid = {25E5EDE4-100D-4DCA-8247-6A15F48F48B1}
	EndGlobalSection
EndGlobal
